// !$*UTF8*$!
{
	archiveVersion = 1;
	classes = {
	};
	objectVersion = 56;
	objects = {

/* Begin PBXBuildFile section */
		EF47593C2B4A469100BCE0EA /* ContentView.swift in Sources */ = {isa = PBXBuildFile; fileRef = EF47593B2B4A469100BCE0EA /* ContentView.swift */; };
		EF47593E2B4A469400BCE0EA /* Assets.xcassets in Resources */ = {isa = PBXBuildFile; fileRef = EF47593D2B4A469400BCE0EA /* Assets.xcassets */; };
		EF4759422B4A469400BCE0EA /* Preview Assets.xcassets in Resources */ = {isa = PBXBuildFile; fileRef = EF4759412B4A469400BCE0EA /* Preview Assets.xcassets */; };
		EF47594C2B4A469500BCE0EA /* One_Day_DietTests.swift in Sources */ = {isa = PBXBuildFile; fileRef = EF47594B2B4A469500BCE0EA /* One_Day_DietTests.swift */; };
		EF4759562B4A469500BCE0EA /* One_Day_DietUITests.swift in Sources */ = {isa = PBXBuildFile; fileRef = EF4759552B4A469500BCE0EA /* One_Day_DietUITests.swift */; };
		EF4759582B4A469500BCE0EA /* One_Day_DietUITestsLaunchTests.swift in Sources */ = {isa = PBXBuildFile; fileRef = EF4759572B4A469500BCE0EA /* One_Day_DietUITestsLaunchTests.swift */; };
		EF4759672B4A4F7800BCE0EA /* FoodGroupsData.swift in Sources */ = {isa = PBXBuildFile; fileRef = EF4759662B4A4F7800BCE0EA /* FoodGroupsData.swift */; };
		EF7BEC9A2B4B702900A30501 /* ViewModel.swift in Sources */ = {isa = PBXBuildFile; fileRef = EF7BEC992B4B702900A30501 /* ViewModel.swift */; };
		EF7BECA02B4B8CE400A30501 /* AboutView.swift in Sources */ = {isa = PBXBuildFile; fileRef = EF7BEC9F2B4B8CE400A30501 /* AboutView.swift */; };
		EF88EDD72B4D99E4003D170E /* WhatsNewAlert.swift in Sources */ = {isa = PBXBuildFile; fileRef = EF88EDD62B4D99E4003D170E /* WhatsNewAlert.swift */; };
		EF88EDD92B4DA1C8003D170E /* FaqView.swift in Sources */ = {isa = PBXBuildFile; fileRef = EF88EDD82B4DA1C8003D170E /* FaqView.swift */; };
		EF8C46C62B50268600CCF023 /* FoodGroupStepperView.swift in Sources */ = {isa = PBXBuildFile; fileRef = EF8C46C52B50268600CCF023 /* FoodGroupStepperView.swift */; };
/* End PBXBuildFile section */

/* Begin PBXContainerItemProxy section */
		EF4759482B4A469500BCE0EA /* PBXContainerItemProxy */ = {
			isa = PBXContainerItemProxy;
			containerPortal = EF47592E2B4A469100BCE0EA /* Project object */;
			proxyType = 1;
			remoteGlobalIDString = EF4759352B4A469100BCE0EA;
			remoteInfo = "One Day Diet";
		};
		EF4759522B4A469500BCE0EA /* PBXContainerItemProxy */ = {
			isa = PBXContainerItemProxy;
			containerPortal = EF47592E2B4A469100BCE0EA /* Project object */;
			proxyType = 1;
			remoteGlobalIDString = EF4759352B4A469100BCE0EA;
			remoteInfo = "One Day Diet";
		};
/* End PBXContainerItemProxy section */

/* Begin PBXFileReference section */
		EF4759362B4A469100BCE0EA /* One Day Diet.app */ = {isa = PBXFileReference; explicitFileType = wrapper.application; includeInIndex = 0; path = "One Day Diet.app"; sourceTree = BUILT_PRODUCTS_DIR; };
		EF47593B2B4A469100BCE0EA /* ContentView.swift */ = {isa = PBXFileReference; lastKnownFileType = sourcecode.swift; path = ContentView.swift; sourceTree = "<group>"; };
		EF47593D2B4A469400BCE0EA /* Assets.xcassets */ = {isa = PBXFileReference; lastKnownFileType = folder.assetcatalog; path = Assets.xcassets; sourceTree = "<group>"; };
		EF47593F2B4A469400BCE0EA /* One_Day_Diet.entitlements */ = {isa = PBXFileReference; lastKnownFileType = text.plist.entitlements; path = One_Day_Diet.entitlements; sourceTree = "<group>"; };
		EF4759412B4A469400BCE0EA /* Preview Assets.xcassets */ = {isa = PBXFileReference; lastKnownFileType = folder.assetcatalog; path = "Preview Assets.xcassets"; sourceTree = "<group>"; };
		EF4759472B4A469500BCE0EA /* One Day DietTests.xctest */ = {isa = PBXFileReference; explicitFileType = wrapper.cfbundle; includeInIndex = 0; path = "One Day DietTests.xctest"; sourceTree = BUILT_PRODUCTS_DIR; };
		EF47594B2B4A469500BCE0EA /* One_Day_DietTests.swift */ = {isa = PBXFileReference; lastKnownFileType = sourcecode.swift; path = One_Day_DietTests.swift; sourceTree = "<group>"; };
		EF4759512B4A469500BCE0EA /* One Day DietUITests.xctest */ = {isa = PBXFileReference; explicitFileType = wrapper.cfbundle; includeInIndex = 0; path = "One Day DietUITests.xctest"; sourceTree = BUILT_PRODUCTS_DIR; };
		EF4759552B4A469500BCE0EA /* One_Day_DietUITests.swift */ = {isa = PBXFileReference; lastKnownFileType = sourcecode.swift; path = One_Day_DietUITests.swift; sourceTree = "<group>"; };
		EF4759572B4A469500BCE0EA /* One_Day_DietUITestsLaunchTests.swift */ = {isa = PBXFileReference; lastKnownFileType = sourcecode.swift; path = One_Day_DietUITestsLaunchTests.swift; sourceTree = "<group>"; };
		EF4759662B4A4F7800BCE0EA /* FoodGroupsData.swift */ = {isa = PBXFileReference; lastKnownFileType = sourcecode.swift; path = FoodGroupsData.swift; sourceTree = "<group>"; };
		EF7BEC992B4B702900A30501 /* ViewModel.swift */ = {isa = PBXFileReference; lastKnownFileType = sourcecode.swift; path = ViewModel.swift; sourceTree = "<group>"; };
		EF7BEC9F2B4B8CE400A30501 /* AboutView.swift */ = {isa = PBXFileReference; lastKnownFileType = sourcecode.swift; path = AboutView.swift; sourceTree = "<group>"; };
		EF88EDD62B4D99E4003D170E /* WhatsNewAlert.swift */ = {isa = PBXFileReference; lastKnownFileType = sourcecode.swift; path = WhatsNewAlert.swift; sourceTree = "<group>"; };
		EF88EDD82B4DA1C8003D170E /* FaqView.swift */ = {isa = PBXFileReference; lastKnownFileType = sourcecode.swift; path = FaqView.swift; sourceTree = "<group>"; };
		EF8C46C52B50268600CCF023 /* FoodGroupStepperView.swift */ = {isa = PBXFileReference; lastKnownFileType = sourcecode.swift; path = FoodGroupStepperView.swift; sourceTree = "<group>"; };
/* End PBXFileReference section */

/* Begin PBXFrameworksBuildPhase section */
		EF4759332B4A469100BCE0EA /* Frameworks */ = {
			isa = PBXFrameworksBuildPhase;
			buildActionMask = 2147483647;
			files = (
			);
			runOnlyForDeploymentPostprocessing = 0;
		};
		EF4759442B4A469500BCE0EA /* Frameworks */ = {
			isa = PBXFrameworksBuildPhase;
			buildActionMask = 2147483647;
			files = (
			);
			runOnlyForDeploymentPostprocessing = 0;
		};
		EF47594E2B4A469500BCE0EA /* Frameworks */ = {
			isa = PBXFrameworksBuildPhase;
			buildActionMask = 2147483647;
			files = (
			);
			runOnlyForDeploymentPostprocessing = 0;
		};
/* End PBXFrameworksBuildPhase section */

/* Begin PBXGroup section */
		EF47592D2B4A469100BCE0EA = {
			isa = PBXGroup;
			children = (
				EF4759382B4A469100BCE0EA /* One Day Diet */,
				EF47594A2B4A469500BCE0EA /* One Day DietTests */,
				EF4759542B4A469500BCE0EA /* One Day DietUITests */,
				EF4759372B4A469100BCE0EA /* Products */,
			);
			sourceTree = "<group>";
		};
		EF4759372B4A469100BCE0EA /* Products */ = {
			isa = PBXGroup;
			children = (
				EF4759362B4A469100BCE0EA /* One Day Diet.app */,
				EF4759472B4A469500BCE0EA /* One Day DietTests.xctest */,
				EF4759512B4A469500BCE0EA /* One Day DietUITests.xctest */,
			);
			name = Products;
			sourceTree = "<group>";
		};
		EF4759382B4A469100BCE0EA /* One Day Diet */ = {
			isa = PBXGroup;
			children = (
				EF7BEC9F2B4B8CE400A30501 /* AboutView.swift */,
				EF88EDD82B4DA1C8003D170E /* FaqView.swift */,
				EF47593B2B4A469100BCE0EA /* ContentView.swift */,
				EF8C46C52B50268600CCF023 /* FoodGroupStepperView.swift */,
				EF4759662B4A4F7800BCE0EA /* FoodGroupsData.swift */,
				EF7BEC992B4B702900A30501 /* ViewModel.swift */,
				EF88EDD62B4D99E4003D170E /* WhatsNewAlert.swift */,
				EF47593D2B4A469400BCE0EA /* Assets.xcassets */,
				EF47593F2B4A469400BCE0EA /* One_Day_Diet.entitlements */,
				EF4759402B4A469400BCE0EA /* Preview Content */,
			);
			path = "One Day Diet";
			sourceTree = "<group>";
		};
		EF4759402B4A469400BCE0EA /* Preview Content */ = {
			isa = PBXGroup;
			children = (
				EF4759412B4A469400BCE0EA /* Preview Assets.xcassets */,
			);
			path = "Preview Content";
			sourceTree = "<group>";
		};
		EF47594A2B4A469500BCE0EA /* One Day DietTests */ = {
			isa = PBXGroup;
			children = (
				EF47594B2B4A469500BCE0EA /* One_Day_DietTests.swift */,
			);
			path = "One Day DietTests";
			sourceTree = "<group>";
		};
		EF4759542B4A469500BCE0EA /* One Day DietUITests */ = {
			isa = PBXGroup;
			children = (
				EF4759552B4A469500BCE0EA /* One_Day_DietUITests.swift */,
				EF4759572B4A469500BCE0EA /* One_Day_DietUITestsLaunchTests.swift */,
			);
			path = "One Day DietUITests";
			sourceTree = "<group>";
		};
/* End PBXGroup section */

/* Begin PBXNativeTarget section */
		EF4759352B4A469100BCE0EA /* One Day Diet */ = {
			isa = PBXNativeTarget;
			buildConfigurationList = EF47595B2B4A469500BCE0EA /* Build configuration list for PBXNativeTarget "One Day Diet" */;
			buildPhases = (
				EF4759322B4A469100BCE0EA /* Sources */,
				EF4759332B4A469100BCE0EA /* Frameworks */,
				EF4759342B4A469100BCE0EA /* Resources */,
			);
			buildRules = (
			);
			dependencies = (
			);
			name = "One Day Diet";
			productName = "One Day Diet";
			productReference = EF4759362B4A469100BCE0EA /* One Day Diet.app */;
			productType = "com.apple.product-type.application";
		};
		EF4759462B4A469500BCE0EA /* One Day DietTests */ = {
			isa = PBXNativeTarget;
			buildConfigurationList = EF47595E2B4A469500BCE0EA /* Build configuration list for PBXNativeTarget "One Day DietTests" */;
			buildPhases = (
				EF4759432B4A469500BCE0EA /* Sources */,
				EF4759442B4A469500BCE0EA /* Frameworks */,
				EF4759452B4A469500BCE0EA /* Resources */,
			);
			buildRules = (
			);
			dependencies = (
				EF4759492B4A469500BCE0EA /* PBXTargetDependency */,
			);
			name = "One Day DietTests";
			productName = "One Day DietTests";
			productReference = EF4759472B4A469500BCE0EA /* One Day DietTests.xctest */;
			productType = "com.apple.product-type.bundle.unit-test";
		};
		EF4759502B4A469500BCE0EA /* One Day DietUITests */ = {
			isa = PBXNativeTarget;
			buildConfigurationList = EF4759612B4A469500BCE0EA /* Build configuration list for PBXNativeTarget "One Day DietUITests" */;
			buildPhases = (
				EF47594D2B4A469500BCE0EA /* Sources */,
				EF47594E2B4A469500BCE0EA /* Frameworks */,
				EF47594F2B4A469500BCE0EA /* Resources */,
			);
			buildRules = (
			);
			dependencies = (
				EF4759532B4A469500BCE0EA /* PBXTargetDependency */,
			);
			name = "One Day DietUITests";
			productName = "One Day DietUITests";
			productReference = EF4759512B4A469500BCE0EA /* One Day DietUITests.xctest */;
			productType = "com.apple.product-type.bundle.ui-testing";
		};
/* End PBXNativeTarget section */

/* Begin PBXProject section */
		EF47592E2B4A469100BCE0EA /* Project object */ = {
			isa = PBXProject;
			attributes = {
				BuildIndependentTargetsInParallel = 1;
				LastSwiftUpdateCheck = 1510;
				LastUpgradeCheck = 1520;
				TargetAttributes = {
					EF4759352B4A469100BCE0EA = {
						CreatedOnToolsVersion = 15.1;
					};
					EF4759462B4A469500BCE0EA = {
						CreatedOnToolsVersion = 15.1;
						TestTargetID = EF4759352B4A469100BCE0EA;
					};
					EF4759502B4A469500BCE0EA = {
						CreatedOnToolsVersion = 15.1;
						TestTargetID = EF4759352B4A469100BCE0EA;
					};
				};
			};
			buildConfigurationList = EF4759312B4A469100BCE0EA /* Build configuration list for PBXProject "One Day Diet" */;
			compatibilityVersion = "Xcode 14.0";
			developmentRegion = en;
			hasScannedForEncodings = 0;
			knownRegions = (
				en,
				Base,
			);
			mainGroup = EF47592D2B4A469100BCE0EA;
			productRefGroup = EF4759372B4A469100BCE0EA /* Products */;
			projectDirPath = "";
			projectRoot = "";
			targets = (
				EF4759352B4A469100BCE0EA /* One Day Diet */,
				EF4759462B4A469500BCE0EA /* One Day DietTests */,
				EF4759502B4A469500BCE0EA /* One Day DietUITests */,
			);
		};
/* End PBXProject section */

/* Begin PBXResourcesBuildPhase section */
		EF4759342B4A469100BCE0EA /* Resources */ = {
			isa = PBXResourcesBuildPhase;
			buildActionMask = 2147483647;
			files = (
				EF4759422B4A469400BCE0EA /* Preview Assets.xcassets in Resources */,
				EF47593E2B4A469400BCE0EA /* Assets.xcassets in Resources */,
			);
			runOnlyForDeploymentPostprocessing = 0;
		};
		EF4759452B4A469500BCE0EA /* Resources */ = {
			isa = PBXResourcesBuildPhase;
			buildActionMask = 2147483647;
			files = (
			);
			runOnlyForDeploymentPostprocessing = 0;
		};
		EF47594F2B4A469500BCE0EA /* Resources */ = {
			isa = PBXResourcesBuildPhase;
			buildActionMask = 2147483647;
			files = (
			);
			runOnlyForDeploymentPostprocessing = 0;
		};
/* End PBXResourcesBuildPhase section */

/* Begin PBXSourcesBuildPhase section */
		EF4759322B4A469100BCE0EA /* Sources */ = {
			isa = PBXSourcesBuildPhase;
			buildActionMask = 2147483647;
			files = (
				EF8C46C62B50268600CCF023 /* FoodGroupStepperView.swift in Sources */,
				EF47593C2B4A469100BCE0EA /* ContentView.swift in Sources */,
				EF88EDD72B4D99E4003D170E /* WhatsNewAlert.swift in Sources */,
				EF7BEC9A2B4B702900A30501 /* ViewModel.swift in Sources */,
				EF88EDD92B4DA1C8003D170E /* FaqView.swift in Sources */,
				EF4759672B4A4F7800BCE0EA /* FoodGroupsData.swift in Sources */,
				EF7BECA02B4B8CE400A30501 /* AboutView.swift in Sources */,
			);
			runOnlyForDeploymentPostprocessing = 0;
		};
		EF4759432B4A469500BCE0EA /* Sources */ = {
			isa = PBXSourcesBuildPhase;
			buildActionMask = 2147483647;
			files = (
				EF47594C2B4A469500BCE0EA /* One_Day_DietTests.swift in Sources */,
			);
			runOnlyForDeploymentPostprocessing = 0;
		};
		EF47594D2B4A469500BCE0EA /* Sources */ = {
			isa = PBXSourcesBuildPhase;
			buildActionMask = 2147483647;
			files = (
				EF4759582B4A469500BCE0EA /* One_Day_DietUITestsLaunchTests.swift in Sources */,
				EF4759562B4A469500BCE0EA /* One_Day_DietUITests.swift in Sources */,
			);
			runOnlyForDeploymentPostprocessing = 0;
		};
/* End PBXSourcesBuildPhase section */

/* Begin PBXTargetDependency section */
		EF4759492B4A469500BCE0EA /* PBXTargetDependency */ = {
			isa = PBXTargetDependency;
			target = EF4759352B4A469100BCE0EA /* One Day Diet */;
			targetProxy = EF4759482B4A469500BCE0EA /* PBXContainerItemProxy */;
		};
		EF4759532B4A469500BCE0EA /* PBXTargetDependency */ = {
			isa = PBXTargetDependency;
			target = EF4759352B4A469100BCE0EA /* One Day Diet */;
			targetProxy = EF4759522B4A469500BCE0EA /* PBXContainerItemProxy */;
		};
/* End PBXTargetDependency section */

/* Begin XCBuildConfiguration section */
		EF4759592B4A469500BCE0EA /* Debug */ = {
			isa = XCBuildConfiguration;
			buildSettings = {
				ALWAYS_SEARCH_USER_PATHS = NO;
				ASSETCATALOG_COMPILER_GENERATE_SWIFT_ASSET_SYMBOL_EXTENSIONS = YES;
				CLANG_ANALYZER_NONNULL = YES;
				CLANG_ANALYZER_NUMBER_OBJECT_CONVERSION = YES_AGGRESSIVE;
				CLANG_CXX_LANGUAGE_STANDARD = "gnu++20";
				CLANG_ENABLE_MODULES = YES;
				CLANG_ENABLE_OBJC_ARC = YES;
				CLANG_ENABLE_OBJC_WEAK = YES;
				CLANG_WARN_BLOCK_CAPTURE_AUTORELEASING = YES;
				CLANG_WARN_BOOL_CONVERSION = YES;
				CLANG_WARN_COMMA = YES;
				CLANG_WARN_CONSTANT_CONVERSION = YES;
				CLANG_WARN_DEPRECATED_OBJC_IMPLEMENTATIONS = YES;
				CLANG_WARN_DIRECT_OBJC_ISA_USAGE = YES_ERROR;
				CLANG_WARN_DOCUMENTATION_COMMENTS = YES;
				CLANG_WARN_EMPTY_BODY = YES;
				CLANG_WARN_ENUM_CONVERSION = YES;
				CLANG_WARN_INFINITE_RECURSION = YES;
				CLANG_WARN_INT_CONVERSION = YES;
				CLANG_WARN_NON_LITERAL_NULL_CONVERSION = YES;
				CLANG_WARN_OBJC_IMPLICIT_RETAIN_SELF = YES;
				CLANG_WARN_OBJC_LITERAL_CONVERSION = YES;
				CLANG_WARN_OBJC_ROOT_CLASS = YES_ERROR;
				CLANG_WARN_QUOTED_INCLUDE_IN_FRAMEWORK_HEADER = YES;
				CLANG_WARN_RANGE_LOOP_ANALYSIS = YES;
				CLANG_WARN_STRICT_PROTOTYPES = YES;
				CLANG_WARN_SUSPICIOUS_MOVE = YES;
				CLANG_WARN_UNGUARDED_AVAILABILITY = YES_AGGRESSIVE;
				CLANG_WARN_UNREACHABLE_CODE = YES;
				CLANG_WARN__DUPLICATE_METHOD_MATCH = YES;
				COPY_PHASE_STRIP = NO;
				DEAD_CODE_STRIPPING = YES;
				DEBUG_INFORMATION_FORMAT = dwarf;
				ENABLE_STRICT_OBJC_MSGSEND = YES;
				ENABLE_TESTABILITY = YES;
				ENABLE_USER_SCRIPT_SANDBOXING = YES;
				GCC_C_LANGUAGE_STANDARD = gnu17;
				GCC_DYNAMIC_NO_PIC = NO;
				GCC_NO_COMMON_BLOCKS = YES;
				GCC_OPTIMIZATION_LEVEL = 0;
				GCC_PREPROCESSOR_DEFINITIONS = (
					"DEBUG=1",
					"$(inherited)",
				);
				GCC_WARN_64_TO_32_BIT_CONVERSION = YES;
				GCC_WARN_ABOUT_RETURN_TYPE = YES_ERROR;
				GCC_WARN_UNDECLARED_SELECTOR = YES;
				GCC_WARN_UNINITIALIZED_AUTOS = YES_AGGRESSIVE;
				GCC_WARN_UNUSED_FUNCTION = YES;
				GCC_WARN_UNUSED_VARIABLE = YES;
				LOCALIZATION_PREFERS_STRING_CATALOGS = YES;
				MTL_ENABLE_DEBUG_INFO = INCLUDE_SOURCE;
				MTL_FAST_MATH = YES;
				ONLY_ACTIVE_ARCH = YES;
				SWIFT_ACTIVE_COMPILATION_CONDITIONS = "DEBUG $(inherited)";
				SWIFT_OPTIMIZATION_LEVEL = "-Onone";
			};
			name = Debug;
		};
		EF47595A2B4A469500BCE0EA /* Release */ = {
			isa = XCBuildConfiguration;
			buildSettings = {
				ALWAYS_SEARCH_USER_PATHS = NO;
				ASSETCATALOG_COMPILER_GENERATE_SWIFT_ASSET_SYMBOL_EXTENSIONS = YES;
				CLANG_ANALYZER_NONNULL = YES;
				CLANG_ANALYZER_NUMBER_OBJECT_CONVERSION = YES_AGGRESSIVE;
				CLANG_CXX_LANGUAGE_STANDARD = "gnu++20";
				CLANG_ENABLE_MODULES = YES;
				CLANG_ENABLE_OBJC_ARC = YES;
				CLANG_ENABLE_OBJC_WEAK = YES;
				CLANG_WARN_BLOCK_CAPTURE_AUTORELEASING = YES;
				CLANG_WARN_BOOL_CONVERSION = YES;
				CLANG_WARN_COMMA = YES;
				CLANG_WARN_CONSTANT_CONVERSION = YES;
				CLANG_WARN_DEPRECATED_OBJC_IMPLEMENTATIONS = YES;
				CLANG_WARN_DIRECT_OBJC_ISA_USAGE = YES_ERROR;
				CLANG_WARN_DOCUMENTATION_COMMENTS = YES;
				CLANG_WARN_EMPTY_BODY = YES;
				CLANG_WARN_ENUM_CONVERSION = YES;
				CLANG_WARN_INFINITE_RECURSION = YES;
				CLANG_WARN_INT_CONVERSION = YES;
				CLANG_WARN_NON_LITERAL_NULL_CONVERSION = YES;
				CLANG_WARN_OBJC_IMPLICIT_RETAIN_SELF = YES;
				CLANG_WARN_OBJC_LITERAL_CONVERSION = YES;
				CLANG_WARN_OBJC_ROOT_CLASS = YES_ERROR;
				CLANG_WARN_QUOTED_INCLUDE_IN_FRAMEWORK_HEADER = YES;
				CLANG_WARN_RANGE_LOOP_ANALYSIS = YES;
				CLANG_WARN_STRICT_PROTOTYPES = YES;
				CLANG_WARN_SUSPICIOUS_MOVE = YES;
				CLANG_WARN_UNGUARDED_AVAILABILITY = YES_AGGRESSIVE;
				CLANG_WARN_UNREACHABLE_CODE = YES;
				CLANG_WARN__DUPLICATE_METHOD_MATCH = YES;
				COPY_PHASE_STRIP = NO;
				DEAD_CODE_STRIPPING = YES;
				DEBUG_INFORMATION_FORMAT = "dwarf-with-dsym";
				ENABLE_NS_ASSERTIONS = NO;
				ENABLE_STRICT_OBJC_MSGSEND = YES;
				ENABLE_USER_SCRIPT_SANDBOXING = YES;
				GCC_C_LANGUAGE_STANDARD = gnu17;
				GCC_NO_COMMON_BLOCKS = YES;
				GCC_WARN_64_TO_32_BIT_CONVERSION = YES;
				GCC_WARN_ABOUT_RETURN_TYPE = YES_ERROR;
				GCC_WARN_UNDECLARED_SELECTOR = YES;
				GCC_WARN_UNINITIALIZED_AUTOS = YES_AGGRESSIVE;
				GCC_WARN_UNUSED_FUNCTION = YES;
				GCC_WARN_UNUSED_VARIABLE = YES;
				LOCALIZATION_PREFERS_STRING_CATALOGS = YES;
				MTL_ENABLE_DEBUG_INFO = NO;
				MTL_FAST_MATH = YES;
				SWIFT_COMPILATION_MODE = wholemodule;
			};
			name = Release;
		};
		EF47595C2B4A469500BCE0EA /* Debug */ = {
			isa = XCBuildConfiguration;
			buildSettings = {
				ASSETCATALOG_COMPILER_APPICON_NAME = AppIcon;
				ASSETCATALOG_COMPILER_GLOBAL_ACCENT_COLOR_NAME = AccentColor;
				CODE_SIGN_ENTITLEMENTS = "One Day Diet/One_Day_Diet.entitlements";
				CODE_SIGN_STYLE = Automatic;
				CURRENT_PROJECT_VERSION = 1;
				DEAD_CODE_STRIPPING = YES;
				DEVELOPMENT_ASSET_PATHS = "\"One Day Diet/Preview Content\"";
				DEVELOPMENT_TEAM = 9ED5E567X5;
				ENABLE_HARDENED_RUNTIME = YES;
				ENABLE_PREVIEWS = YES;
				GENERATE_INFOPLIST_FILE = YES;
				"INFOPLIST_KEY_UIApplicationSceneManifest_Generation[sdk=iphoneos*]" = YES;
				"INFOPLIST_KEY_UIApplicationSceneManifest_Generation[sdk=iphonesimulator*]" = YES;
				"INFOPLIST_KEY_UIApplicationSupportsIndirectInputEvents[sdk=iphoneos*]" = YES;
				"INFOPLIST_KEY_UIApplicationSupportsIndirectInputEvents[sdk=iphonesimulator*]" = YES;
				"INFOPLIST_KEY_UILaunchScreen_Generation[sdk=iphoneos*]" = YES;
				"INFOPLIST_KEY_UILaunchScreen_Generation[sdk=iphonesimulator*]" = YES;
				"INFOPLIST_KEY_UIStatusBarStyle[sdk=iphoneos*]" = UIStatusBarStyleDefault;
				"INFOPLIST_KEY_UIStatusBarStyle[sdk=iphonesimulator*]" = UIStatusBarStyleDefault;
				INFOPLIST_KEY_UISupportedInterfaceOrientations_iPad = "UIInterfaceOrientationPortrait UIInterfaceOrientationPortraitUpsideDown UIInterfaceOrientationLandscapeLeft UIInterfaceOrientationLandscapeRight";
				INFOPLIST_KEY_UISupportedInterfaceOrientations_iPhone = "UIInterfaceOrientationPortrait UIInterfaceOrientationLandscapeLeft UIInterfaceOrientationLandscapeRight";
				IPHONEOS_DEPLOYMENT_TARGET = 17.0;
				LD_RUNPATH_SEARCH_PATHS = "@executable_path/Frameworks";
				"LD_RUNPATH_SEARCH_PATHS[sdk=macosx*]" = "@executable_path/../Frameworks";
				MACOSX_DEPLOYMENT_TARGET = 14.1;
				MARKETING_VERSION = 1.1.2;
				PRODUCT_BUNDLE_IDENTIFIER = "com.iammike.One-Day-Diet";
				PRODUCT_NAME = "$(TARGET_NAME)";
				SDKROOT = auto;
				SUPPORTED_PLATFORMS = "iphoneos iphonesimulator";
				SUPPORTS_MACCATALYST = NO;
				SWIFT_EMIT_LOC_STRINGS = YES;
				SWIFT_VERSION = 5.0;
				TARGETED_DEVICE_FAMILY = "1,2";
			};
			name = Debug;
		};
		EF47595D2B4A469500BCE0EA /* Release */ = {
			isa = XCBuildConfiguration;
			buildSettings = {
				ASSETCATALOG_COMPILER_APPICON_NAME = AppIcon;
				ASSETCATALOG_COMPILER_GLOBAL_ACCENT_COLOR_NAME = AccentColor;
				CODE_SIGN_ENTITLEMENTS = "One Day Diet/One_Day_Diet.entitlements";
				CODE_SIGN_STYLE = Automatic;
				CURRENT_PROJECT_VERSION = 1;
				DEAD_CODE_STRIPPING = YES;
				DEVELOPMENT_ASSET_PATHS = "\"One Day Diet/Preview Content\"";
				DEVELOPMENT_TEAM = 9ED5E567X5;
				ENABLE_HARDENED_RUNTIME = YES;
				ENABLE_PREVIEWS = YES;
				GENERATE_INFOPLIST_FILE = YES;
				"INFOPLIST_KEY_UIApplicationSceneManifest_Generation[sdk=iphoneos*]" = YES;
				"INFOPLIST_KEY_UIApplicationSceneManifest_Generation[sdk=iphonesimulator*]" = YES;
				"INFOPLIST_KEY_UIApplicationSupportsIndirectInputEvents[sdk=iphoneos*]" = YES;
				"INFOPLIST_KEY_UIApplicationSupportsIndirectInputEvents[sdk=iphonesimulator*]" = YES;
				"INFOPLIST_KEY_UILaunchScreen_Generation[sdk=iphoneos*]" = YES;
				"INFOPLIST_KEY_UILaunchScreen_Generation[sdk=iphonesimulator*]" = YES;
				"INFOPLIST_KEY_UIStatusBarStyle[sdk=iphoneos*]" = UIStatusBarStyleDefault;
				"INFOPLIST_KEY_UIStatusBarStyle[sdk=iphonesimulator*]" = UIStatusBarStyleDefault;
				INFOPLIST_KEY_UISupportedInterfaceOrientations_iPad = "UIInterfaceOrientationPortrait UIInterfaceOrientationPortraitUpsideDown UIInterfaceOrientationLandscapeLeft UIInterfaceOrientationLandscapeRight";
				INFOPLIST_KEY_UISupportedInterfaceOrientations_iPhone = "UIInterfaceOrientationPortrait UIInterfaceOrientationLandscapeLeft UIInterfaceOrientationLandscapeRight";
				IPHONEOS_DEPLOYMENT_TARGET = 17.0;
				LD_RUNPATH_SEARCH_PATHS = "@executable_path/Frameworks";
				"LD_RUNPATH_SEARCH_PATHS[sdk=macosx*]" = "@executable_path/../Frameworks";
				MACOSX_DEPLOYMENT_TARGET = 14.1;
				MARKETING_VERSION = 1.1.2;
				PRODUCT_BUNDLE_IDENTIFIER = "com.iammike.One-Day-Diet";
				PRODUCT_NAME = "$(TARGET_NAME)";
				SDKROOT = auto;
				SUPPORTED_PLATFORMS = "iphoneos iphonesimulator";
				SUPPORTS_MACCATALYST = NO;
				SWIFT_EMIT_LOC_STRINGS = YES;
				SWIFT_VERSION = 5.0;
				TARGETED_DEVICE_FAMILY = "1,2";
			};
			name = Release;
		};
		EF47595F2B4A469500BCE0EA /* Debug */ = {
			isa = XCBuildConfiguration;
			buildSettings = {
				ALWAYS_EMBED_SWIFT_STANDARD_LIBRARIES = YES;
				BUNDLE_LOADER = "$(TEST_HOST)";
				CODE_SIGN_STYLE = Automatic;
				CURRENT_PROJECT_VERSION = 1;
				DEAD_CODE_STRIPPING = YES;
				DEVELOPMENT_TEAM = 9ED5E567X5;
				GENERATE_INFOPLIST_FILE = YES;
				IPHONEOS_DEPLOYMENT_TARGET = 17.2;
				MACOSX_DEPLOYMENT_TARGET = 14.1;
				MARKETING_VERSION = 1.0;
				PRODUCT_BUNDLE_IDENTIFIER = "com.iammike.One-Day-DietTests";
				PRODUCT_NAME = "$(TARGET_NAME)";
				SDKROOT = auto;
				SUPPORTED_PLATFORMS = "iphoneos iphonesimulator macosx";
				SWIFT_EMIT_LOC_STRINGS = NO;
				SWIFT_VERSION = 5.0;
				TARGETED_DEVICE_FAMILY = "1,2";
				TEST_HOST = "$(BUILT_PRODUCTS_DIR)/One Day Diet.app/$(BUNDLE_EXECUTABLE_FOLDER_PATH)/One Day Diet";
			};
			name = Debug;
		};
		EF4759602B4A469500BCE0EA /* Release */ = {
			isa = XCBuildConfiguration;
			buildSettings = {
				ALWAYS_EMBED_SWIFT_STANDARD_LIBRARIES = YES;
				BUNDLE_LOADER = "$(TEST_HOST)";
				CODE_SIGN_STYLE = Automatic;
				CURRENT_PROJECT_VERSION = 1;
				DEAD_CODE_STRIPPING = YES;
				DEVELOPMENT_TEAM = 9ED5E567X5;
				GENERATE_INFOPLIST_FILE = YES;
				IPHONEOS_DEPLOYMENT_TARGET = 17.2;
				MACOSX_DEPLOYMENT_TARGET = 14.1;
				MARKETING_VERSION = 1.0;
				PRODUCT_BUNDLE_IDENTIFIER = "com.iammike.One-Day-DietTests";
				PRODUCT_NAME = "$(TARGET_NAME)";
				SDKROOT = auto;
				SUPPORTED_PLATFORMS = "iphoneos iphonesimulator macosx";
				SWIFT_EMIT_LOC_STRINGS = NO;
				SWIFT_VERSION = 5.0;
				TARGETED_DEVICE_FAMILY = "1,2";
				TEST_HOST = "$(BUILT_PRODUCTS_DIR)/One Day Diet.app/$(BUNDLE_EXECUTABLE_FOLDER_PATH)/One Day Diet";
			};
			name = Release;
		};
		EF4759622B4A469500BCE0EA /* Debug */ = {
			isa = XCBuildConfiguration;
			buildSettings = {
				ALWAYS_EMBED_SWIFT_STANDARD_LIBRARIES = YES;
				CODE_SIGN_STYLE = Automatic;
				CURRENT_PROJECT_VERSION = 1;
				DEAD_CODE_STRIPPING = YES;
				DEVELOPMENT_TEAM = 9ED5E567X5;
				GENERATE_INFOPLIST_FILE = YES;
				IPHONEOS_DEPLOYMENT_TARGET = 17.2;
				MACOSX_DEPLOYMENT_TARGET = 14.1;
				MARKETING_VERSION = 1.0;
				PRODUCT_BUNDLE_IDENTIFIER = "com.iammike.One-Day-DietUITests";
				PRODUCT_NAME = "$(TARGET_NAME)";
				SDKROOT = auto;
				SUPPORTED_PLATFORMS = "iphoneos iphonesimulator macosx";
				SWIFT_EMIT_LOC_STRINGS = NO;
				SWIFT_VERSION = 5.0;
				TARGETED_DEVICE_FAMILY = "1,2";
				TEST_TARGET_NAME = "One Day Diet";
			};
			name = Debug;
		};
		EF4759632B4A469500BCE0EA /* Release */ = {
			isa = XCBuildConfiguration;
			buildSettings = {
				ALWAYS_EMBED_SWIFT_STANDARD_LIBRARIES = YES;
				CODE_SIGN_STYLE = Automatic;
				CURRENT_PROJECT_VERSION = 1;
				DEAD_CODE_STRIPPING = YES;
				DEVELOPMENT_TEAM = 9ED5E567X5;
				GENERATE_INFOPLIST_FILE = YES;
				IPHONEOS_DEPLOYMENT_TARGET = 17.2;
				MACOSX_DEPLOYMENT_TARGET = 14.1;
				MARKETING_VERSION = 1.0;
				PRODUCT_BUNDLE_IDENTIFIER = "com.iammike.One-Day-DietUITests";
				PRODUCT_NAME = "$(TARGET_NAME)";
				SDKROOT = auto;
				SUPPORTED_PLATFORMS = "iphoneos iphonesimulator macosx";
				SWIFT_EMIT_LOC_STRINGS = NO;
				SWIFT_VERSION = 5.0;
				TARGETED_DEVICE_FAMILY = "1,2";
				TEST_TARGET_NAME = "One Day Diet";
			};
			name = Release;
		};
/* End XCBuildConfiguration section */

/* Begin XCConfigurationList section */
		EF4759312B4A469100BCE0EA /* Build configuration list for PBXProject "One Day Diet" */ = {
			isa = XCConfigurationList;
			buildConfigurations = (
				EF4759592B4A469500BCE0EA /* Debug */,
				EF47595A2B4A469500BCE0EA /* Release */,
			);
			defaultConfigurationIsVisible = 0;
			defaultConfigurationName = Release;
		};
		EF47595B2B4A469500BCE0EA /* Build configuration list for PBXNativeTarget "One Day Diet" */ = {
			isa = XCConfigurationList;
			buildConfigurations = (
				EF47595C2B4A469500BCE0EA /* Debug */,
				EF47595D2B4A469500BCE0EA /* Release */,
			);
			defaultConfigurationIsVisible = 0;
			defaultConfigurationName = Release;
		};
		EF47595E2B4A469500BCE0EA /* Build configuration list for PBXNativeTarget "One Day DietTests" */ = {
			isa = XCConfigurationList;
			buildConfigurations = (
				EF47595F2B4A469500BCE0EA /* Debug */,
				EF4759602B4A469500BCE0EA /* Release */,
			);
			defaultConfigurationIsVisible = 0;
			defaultConfigurationName = Release;
		};
		EF4759612B4A469500BCE0EA /* Build configuration list for PBXNativeTarget "One Day DietUITests" */ = {
			isa = XCConfigurationList;
			buildConfigurations = (
				EF4759622B4A469500BCE0EA /* Debug */,
				EF4759632B4A469500BCE0EA /* Release */,
			);
			defaultConfigurationIsVisible = 0;
			defaultConfigurationName = Release;
		};
/* End XCConfigurationList section */
	};
	rootObject = EF47592E2B4A469100BCE0EA /* Project object */;
}
